
Microsoft Visual Studio Solution File, Format Version 12.00
# Visual Studio Version 17
VisualStudioVersion = 17.6.33815.320
MinimumVisualStudioVersion = 10.0.40219.1
Project("{FAE04EC0-301F-11D3-BF4B-00C04F79EFBC}") = "Assignment13", "Assignment13\Assignment13.csproj", "{DBB5CA1A-C0D8-4F4F-9BF9-644BF6FA8BAD}"
EndProject
Global
	GlobalSection(SolutionConfigurationPlatforms) = preSolution
		Debug|Any CPU = Debug|Any CPU
		Release|Any CPU = Release|Any CPU
	EndGlobalSection
	GlobalSection(ProjectConfigurationPlatforms) = postSolution
		{DBB5CA1A-C0D8-4F4F-9BF9-644BF6FA8BAD}.Debug|Any CPU.ActiveCfg = Debug|Any CPU
		{DBB5CA1A-C0D8-4F4F-9BF9-644BF6FA8BAD}.Debug|Any CPU.Build.0 = Debug|Any CPU
		{DBB5CA1A-C0D8-4F4F-9BF9-644BF6FA8BAD}.Release|Any CPU.ActiveCfg = Release|Any CPU
		{DBB5CA1A-C0D8-4F4F-9BF9-644BF6FA8BAD}.Release|Any CPU.Build.0 = Release|Any CPU
	EndGlobalSection
	GlobalSection(SolutionProperties) = preSolution
		HideSolutionNode = FALSE
	EndGlobalSection
	GlobalSection(ExtensibilityGlobals) = postSolution
		SolutionGuid = {5825790A-B890-43A8-A65A-5A3161946E18}
	EndGlobalSection
EndGlobal
