
Microsoft Visual Studio Solution File, Format Version 12.00
# Visual Studio Version 17
VisualStudioVersion = 17.6.33815.320
MinimumVisualStudioVersion = 10.0.40219.1
Project("{FAE04EC0-301F-11D3-BF4B-00C04F79EFBC}") = "Assignment17", "Assignment17\Assignment17.csproj", "{2CA88421-1F51-4B4A-A2D5-E904DEB8D511}"
EndProject
Global
	GlobalSection(SolutionConfigurationPlatforms) = preSolution
		Debug|Any CPU = Debug|Any CPU
		Release|Any CPU = Release|Any CPU
	EndGlobalSection
	GlobalSection(ProjectConfigurationPlatforms) = postSolution
		{2CA88421-1F51-4B4A-A2D5-E904DEB8D511}.Debug|Any CPU.ActiveCfg = Debug|Any CPU
		{2CA88421-1F51-4B4A-A2D5-E904DEB8D511}.Debug|Any CPU.Build.0 = Debug|Any CPU
		{2CA88421-1F51-4B4A-A2D5-E904DEB8D511}.Release|Any CPU.ActiveCfg = Release|Any CPU
		{2CA88421-1F51-4B4A-A2D5-E904DEB8D511}.Release|Any CPU.Build.0 = Release|Any CPU
	EndGlobalSection
	GlobalSection(SolutionProperties) = preSolution
		HideSolutionNode = FALSE
	EndGlobalSection
	GlobalSection(ExtensibilityGlobals) = postSolution
		SolutionGuid = {84065C5F-225D-41D3-B3CB-F6F6850AEA13}
	EndGlobalSection
EndGlobal
