
Microsoft Visual Studio Solution File, Format Version 12.00
# Visual Studio Version 17
VisualStudioVersion = 17.6.33815.320
MinimumVisualStudioVersion = 10.0.40219.1
Project("{FAE04EC0-301F-11D3-BF4B-00C04F79EFBC}") = "Assignment9", "Assignment9\Assignment9.csproj", "{95C11E6E-E86C-4060-B4F8-67066F3626A2}"
EndProject
Project("{FAE04EC0-301F-11D3-BF4B-00C04F79EFBC}") = "ConAppMethod", "..\..\My live training\DAY6\ConAppMethod\ConAppMethod\ConAppMethod.csproj", "{67D11036-EEF5-4ED2-9961-4BE72070CF0A}"
EndProject
Global
	GlobalSection(SolutionConfigurationPlatforms) = preSolution
		Debug|Any CPU = Debug|Any CPU
		Release|Any CPU = Release|Any CPU
	EndGlobalSection
	GlobalSection(ProjectConfigurationPlatforms) = postSolution
		{95C11E6E-E86C-4060-B4F8-67066F3626A2}.Debug|Any CPU.ActiveCfg = Debug|Any CPU
		{95C11E6E-E86C-4060-B4F8-67066F3626A2}.Debug|Any CPU.Build.0 = Debug|Any CPU
		{95C11E6E-E86C-4060-B4F8-67066F3626A2}.Release|Any CPU.ActiveCfg = Release|Any CPU
		{95C11E6E-E86C-4060-B4F8-67066F3626A2}.Release|Any CPU.Build.0 = Release|Any CPU
		{67D11036-EEF5-4ED2-9961-4BE72070CF0A}.Debug|Any CPU.ActiveCfg = Debug|Any CPU
		{67D11036-EEF5-4ED2-9961-4BE72070CF0A}.Debug|Any CPU.Build.0 = Debug|Any CPU
		{67D11036-EEF5-4ED2-9961-4BE72070CF0A}.Release|Any CPU.ActiveCfg = Release|Any CPU
		{67D11036-EEF5-4ED2-9961-4BE72070CF0A}.Release|Any CPU.Build.0 = Release|Any CPU
	EndGlobalSection
	GlobalSection(SolutionProperties) = preSolution
		HideSolutionNode = FALSE
	EndGlobalSection
	GlobalSection(ExtensibilityGlobals) = postSolution
		SolutionGuid = {E5C2503C-21D2-4F6B-AD0D-ECCEA08902A9}
	EndGlobalSection
EndGlobal
